
Microsoft Visual Studio Solution File, Format Version 12.00
# Visual Studio Version 16
VisualStudioVersion = 16.0.32413.511
MinimumVisualStudioVersion = 10.0.40219.1
Project("{FAE04EC0-301F-11D3-BF4B-00C04F79EFBC}") = "WebApplication5", "WebApplication5\WebApplication5.csproj", "{8DC99333-9D7C-4A0E-A941-B91E8100A25A}"
EndProject
Global
	GlobalSection(SolutionConfigurationPlatforms) = preSolution
		Debug|Any CPU = Debug|Any CPU
		Release|Any CPU = Release|Any CPU
	EndGlobalSection
	GlobalSection(ProjectConfigurationPlatforms) = postSolution
		{8DC99333-9D7C-4A0E-A941-B91E8100A25A}.Debug|Any CPU.ActiveCfg = Debug|Any CPU
		{8DC99333-9D7C-4A0E-A941-B91E8100A25A}.Debug|Any CPU.Build.0 = Debug|Any CPU
		{8DC99333-9D7C-4A0E-A941-B91E8100A25A}.Release|Any CPU.ActiveCfg = Release|Any CPU
		{8DC99333-9D7C-4A0E-A941-B91E8100A25A}.Release|Any CPU.Build.0 = Release|Any CPU
	EndGlobalSection
	GlobalSection(SolutionProperties) = preSolution
		HideSolutionNode = FALSE
	EndGlobalSection
	GlobalSection(ExtensibilityGlobals) = postSolution
		SolutionGuid = {415BFD31-F2FB-409B-AC07-E95BB5CD896B}
	EndGlobalSection
EndGlobal
